
Microsoft Visual Studio Solution File, Format Version 12.00
# Visual Studio Version 16
VisualStudioVersion = 16.0.30907.101
MinimumVisualStudioVersion = 10.0.40219.1
Project("{9A19103F-16F7-4668-BE54-9A1E7A4F7556}") = "SportsStation", "SportsStation\SportsStation.csproj", "{46C6A67E-71C0-403A-BA73-21157D6AEB15}"
EndProject
Global
	GlobalSection(SolutionConfigurationPlatforms) = preSolution
		Debug|Any CPU = Debug|Any CPU
		Release|Any CPU = Release|Any CPU
	EndGlobalSection
	GlobalSection(ProjectConfigurationPlatforms) = postSolution
		{46C6A67E-71C0-403A-BA73-21157D6AEB15}.Debug|Any CPU.ActiveCfg = Debug|Any CPU
		{46C6A67E-71C0-403A-BA73-21157D6AEB15}.Debug|Any CPU.Build.0 = Debug|Any CPU
		{46C6A67E-71C0-403A-BA73-21157D6AEB15}.Release|Any CPU.ActiveCfg = Release|Any CPU
		{46C6A67E-71C0-403A-BA73-21157D6AEB15}.Release|Any CPU.Build.0 = Release|Any CPU
	EndGlobalSection
	GlobalSection(SolutionProperties) = preSolution
		HideSolutionNode = FALSE
	EndGlobalSection
	GlobalSection(ExtensibilityGlobals) = postSolution
		SolutionGuid = {F91B4D1D-92E0-4DA0-A7A9-6D1C28D6B5B1}
	EndGlobalSection
EndGlobal
